
Microsoft Visual Studio Solution File, Format Version 12.00
# Visual Studio 15
VisualStudioVersion = 15.0.27004.2002
MinimumVisualStudioVersion = 10.0.40219.1
Project("{888888A0-9F3D-457C-B088-3A5042F75D52}") = "pytemp", "pytemp\pytemp.pyproj", "{6F6DC894-E702-4835-BA9A-5703A0E0DCA3}"
EndProject
Global
	GlobalSection(SolutionConfigurationPlatforms) = preSolution
		Debug|Any CPU = Debug|Any CPU
		Release|Any CPU = Release|Any CPU
	EndGlobalSection
	GlobalSection(ProjectConfigurationPlatforms) = postSolution
		{6F6DC894-E702-4835-BA9A-5703A0E0DCA3}.Debug|Any CPU.ActiveCfg = Debug|Any CPU
		{6F6DC894-E702-4835-BA9A-5703A0E0DCA3}.Debug|Any CPU.Build.0 = Debug|Any CPU
		{6F6DC894-E702-4835-BA9A-5703A0E0DCA3}.Release|Any CPU.ActiveCfg = Release|Any CPU
		{6F6DC894-E702-4835-BA9A-5703A0E0DCA3}.Release|Any CPU.Build.0 = Release|Any CPU
	EndGlobalSection
	GlobalSection(SolutionProperties) = preSolution
		HideSolutionNode = FALSE
	EndGlobalSection
	GlobalSection(ExtensibilityGlobals) = postSolution
		SolutionGuid = {2B6F3FA4-587A-4C5E-BA74-6A5D9F72B87A}
	EndGlobalSection
EndGlobal
